{
  "name": "explainer-remotion",
  "lockfileVersion": 3,
  "requires": true,
  "packages": {
    "": {
      "name": "explainer-remotion",
      "dependencies": {
        "@anthropic-ai/sdk": "^0.110.0",
        "@remotion/media-utils": "4.0.398",
        "@remotion/transitions": "4.0.398"
      }
    },
    "node_modules/@anthropic-ai/sdk": {
      "version": "0.110.0",
      "resolved": "https://registry.npmjs.org/@anthropic-ai/sdk/-/sdk-0.110.0.tgz",
      "integrity": "sha512-hOP4bNYXDFHDxxiEgzlILXrxZIYCDnhe8sry0RDRKD/QnsEpvZcQpablCdm9X/WuD/YgOiSIkkqsL1mLLlTqJw==",
      "license": "MIT",
      "dependencies": {
        "json-schema-to-ts": "^3.1.1",
        "standardwebhooks": "^1.0.0"
      },
      "bin": {
        "anthropic-ai-sdk": "bin/cli"
      },
      "peerDependencies": {
        "zod": "^3.25.0 || ^4.0.0"
      },
      "peerDependenciesMeta": {
        "zod": {
          "optional": true
        }
      }
    },
    "node_modules/@babel/runtime": {
      "version": "7.29.7",
      "resolved": "https://registry.npmjs.org/@babel/runtime/-/runtime-7.29.7.tgz",
      "integrity": "sha512-Nq8OhGWiZIZGV6hLHoyAKLLcJihP/xFeBMGJoUrxTX2psI8dCifzLhZISFb+VWS3wFMRDmCGw5R+dOySCqPLhw==",
      "license": "MIT",
      "engines": {
        "node": ">=6.9.0"
      }
    },
    "node_modules/@remotion/licensing": {
      "version": "4.0.398",
      "resolved": "https://registry.npmjs.org/@remotion/licensing/-/licensing-4.0.398.tgz",
      "integrity": "sha512-8S6uigNs0Pco1NN+nyhQ3fR3gp9Kk7JR0myaiNPOov43eb+8btBnK8yCofVZtrCWNK5T6MN2E0mUsTDHNM9vEw==",
      "license": "MIT"
    },
    "node_modules/@remotion/media-parser": {
      "version": "4.0.398",
      "resolved": "https://registry.npmjs.org/@remotion/media-parser/-/media-parser-4.0.398.tgz",
      "integrity": "sha512-QISQDLWBqyD9wPRXKUi3/i8+L/ILx2BMBh326AhDxU4gZLGdLWOS1xEgi5ykkq5CBtwB1JotUFxzwF/yqOtO6A==",
      "license": "Remotion License https://remotion.dev/license"
    },
    "node_modules/@remotion/media-utils": {
      "version": "4.0.398",
      "resolved": "https://registry.npmjs.org/@remotion/media-utils/-/media-utils-4.0.398.tgz",
      "integrity": "sha512-1S1a5n4ZQW3k+Qumproq/q7IW0MMq306+IsordB92f44zEkfwls9XUAwI7tlilaccYJslxZV9xDaFNUqsLuFVQ==",
      "license": "MIT",
      "dependencies": {
        "@remotion/media-parser": "4.0.398",
        "@remotion/webcodecs": "4.0.398",
        "mediabunny": "1.27.2",
        "remotion": "4.0.398"
      },
      "peerDependencies": {
        "react": ">=16.8.0",
        "react-dom": ">=16.8.0"
      }
    },
    "node_modules/@remotion/paths": {
      "version": "4.0.398",
      "resolved": "https://registry.npmjs.org/@remotion/paths/-/paths-4.0.398.tgz",
      "integrity": "sha512-7S0FhPeGqsUfiXZaSfHgdjwwRD+PFl3XCBuFgR6dhm+f5VNo9gYh1Bq64JVE8cnxhqI8VrglDvxHjsErkoAzgg==",
      "license": "MIT"
    },
    "node_modules/@remotion/shapes": {
      "version": "4.0.398",
      "resolved": "https://registry.npmjs.org/@remotion/shapes/-/shapes-4.0.398.tgz",
      "integrity": "sha512-lRzjmQ/0T4G7394PQoSuW++LSx77UqM3JxBcGpM0Hti27vyrGvktAKfDMSFcSouo6M6nFvwYPjs22vST5Md8DQ==",
      "license": "MIT",
      "dependencies": {
        "@remotion/paths": "4.0.398"
      },
      "peerDependencies": {
        "react": ">=16.8.0",
        "react-dom": ">=16.8.0"
      }
    },
    "node_modules/@remotion/transitions": {
      "version": "4.0.398",
      "resolved": "https://registry.npmjs.org/@remotion/transitions/-/transitions-4.0.398.tgz",
      "integrity": "sha512-E1P6EDoi/VxXb3yVRBYKjWv9/xz988UlILb3tHE1vnIF21e205/ETtucWXQcS2jHH96TNGwV1P5iNqFZx+wP0g==",
      "license": "UNLICENSED",
      "dependencies": {
        "@remotion/paths": "4.0.398",
        "@remotion/shapes": "4.0.398",
        "remotion": "4.0.398"
      },
      "peerDependencies": {
        "react": ">=16.8.0",
        "react-dom": ">=16.8.0"
      }
    },
    "node_modules/@remotion/webcodecs": {
      "version": "4.0.398",
      "resolved": "https://registry.npmjs.org/@remotion/webcodecs/-/webcodecs-4.0.398.tgz",
      "integrity": "sha512-DUedIr4ov8hv90Q0RnfxhBS3zOfIr2aH4KtVHegu7pnRod7/MOk6WDF6l8+rkjjx0/94awDnsBRb/ZNgO1U6tQ==",
      "license": "Remotion License (See https://remotion.dev/docs/webcodecs#license)",
      "dependencies": {
        "@remotion/licensing": "4.0.398",
        "@remotion/media-parser": "4.0.398"
      }
    },
    "node_modules/@stablelib/base64": {
      "version": "1.0.1",
      "resolved": "https://registry.npmjs.org/@stablelib/base64/-/base64-1.0.1.tgz",
      "integrity": "sha512-1bnPQqSxSuc3Ii6MhBysoWCg58j97aUjuCSZrGSmDxNqtytIi0k8utUenAwTZN4V5mXXYGsVUI9zeBqy+jBOSQ==",
      "license": "MIT"
    },
    "node_modules/@types/dom-mediacapture-transform": {
      "version": "0.1.12",
      "resolved": "https://registry.npmjs.org/@types/dom-mediacapture-transform/-/dom-mediacapture-transform-0.1.12.tgz",
      "integrity": "sha512-d7/QsLRwF864A5mgIM/YrfiglHoYn7zgCcAoJgW404r+2DwnNr7EBbLnCWpmOMgH8y0te73L1AV6H1bmauaWFw==",
      "license": "MIT",
      "dependencies": {
        "@types/dom-webcodecs": "*"
      }
    },
    "node_modules/@types/dom-webcodecs": {
      "version": "0.1.13",
      "resolved": "https://registry.npmjs.org/@types/dom-webcodecs/-/dom-webcodecs-0.1.13.tgz",
      "integrity": "sha512-O5hkiFIcjjszPIYyUSyvScyvrBoV3NOEEZx/pMlsu44TKzWNkLVBBxnxJz42in5n3QIolYOcBYFCPZZ0h8SkwQ==",
      "license": "MIT"
    },
    "node_modules/fast-sha256": {
      "version": "1.3.0",
      "resolved": "https://registry.npmjs.org/fast-sha256/-/fast-sha256-1.3.0.tgz",
      "integrity": "sha512-n11RGP/lrWEFI/bWdygLxhI+pVeo1ZYIVwvvPkW7azl/rOy+F3HYRZ2K5zeE9mmkhQppyv9sQFx0JM9UabnpPQ==",
      "license": "Unlicense"
    },
    "node_modules/json-schema-to-ts": {
      "version": "3.1.1",
      "resolved": "https://registry.npmjs.org/json-schema-to-ts/-/json-schema-to-ts-3.1.1.tgz",
      "integrity": "sha512-+DWg8jCJG2TEnpy7kOm/7/AxaYoaRbjVB4LFZLySZlWn8exGs3A4OLJR966cVvU26N7X9TWxl+Jsw7dzAqKT6g==",
      "license": "MIT",
      "dependencies": {
        "@babel/runtime": "^7.18.3",
        "ts-algebra": "^2.0.0"
      },
      "engines": {
        "node": ">=16"
      }
    },
    "node_modules/mediabunny": {
      "version": "1.27.2",
      "resolved": "https://registry.npmjs.org/mediabunny/-/mediabunny-1.27.2.tgz",
      "integrity": "sha512-0g/vmb6X0xmnzqW0U44weF9CmzcUFFQRHrjzoVpSL2KXuhWIWcW3u9wIcohHiTY78jfr0SauYKLxjOQReaMxXQ==",
      "license": "MPL-2.0",
      "workspaces": [
        "packages/*"
      ],
      "dependencies": {
        "@types/dom-mediacapture-transform": "^0.1.11",
        "@types/dom-webcodecs": "0.1.13"
      },
      "funding": {
        "type": "individual",
        "url": "https://github.com/sponsors/Vanilagy"
      }
    },
    "node_modules/remotion": {
      "version": "4.0.398",
      "resolved": "https://registry.npmjs.org/remotion/-/remotion-4.0.398.tgz",
      "integrity": "sha512-AhPord4kHwdlU0Ey4W/pPbPPl0hD0PrQI+uU2oCIf4Nno8huz5/49DVPX5a88Cg2nlHGfBNTcukJSMb1cbbMdQ==",
      "license": "SEE LICENSE IN LICENSE.md",
      "peerDependencies": {
        "react": ">=16.8.0",
        "react-dom": ">=16.8.0"
      }
    },
    "node_modules/standardwebhooks": {
      "version": "1.0.0",
      "resolved": "https://registry.npmjs.org/standardwebhooks/-/standardwebhooks-1.0.0.tgz",
      "integrity": "sha512-BbHGOQK9olHPMvQNHWul6MYlrRTAOKn03rOe4A8O3CLWhNf4YHBqq2HJKKC+sfqpxiBY52pNeesD6jIiLDz8jg==",
      "license": "MIT",
      "dependencies": {
        "@stablelib/base64": "^1.0.0",
        "fast-sha256": "^1.3.0"
      }
    },
    "node_modules/ts-algebra": {
      "version": "2.0.0",
      "resolved": "https://registry.npmjs.org/ts-algebra/-/ts-algebra-2.0.0.tgz",
      "integrity": "sha512-FPAhNPFMrkwz76P7cdjdmiShwMynZYN6SgOujD1urY4oNm80Ou9oMdmbR45LotcKOXoy7wSmHkRFE6Mxbrhefw==",
      "license": "MIT"
    }
  }
}
